
Microsoft Visual Studio Solution File, Format Version 12.00
# Visual Studio Version 17
VisualStudioVersion = 17.14.36401.2
MinimumVisualStudioVersion = 10.0.40219.1
Project("{9A19103F-16F7-4668-BE54-9A1E7A4F7556}") = "toDo_CaseDev", "toDo_CaseDev\toDo_CaseDev.csproj", "{BE7DCB26-8672-4C65-9ED9-51C6609C4CB1}"
EndProject
Project("{FAE04EC0-301F-11D3-BF4B-00C04F79EFBC}") = "toDo_CaseDev.UnitTests", "toDo_CaseDev.UnitTests\toDo_CaseDev.UnitTests.csproj", "{C79038F8-F9E0-4823-B835-539FC2876A6F}"
	ProjectSection(ProjectDependencies) = postProject
		{BE7DCB26-8672-4C65-9ED9-51C6609C4CB1} = {BE7DCB26-8672-4C65-9ED9-51C6609C4CB1}
	EndProjectSection
EndProject
Global
	GlobalSection(SolutionConfigurationPlatforms) = preSolution
		Debug|Any CPU = Debug|Any CPU
		Release|Any CPU = Release|Any CPU
	EndGlobalSection
	GlobalSection(ProjectConfigurationPlatforms) = postSolution
		{BE7DCB26-8672-4C65-9ED9-51C6609C4CB1}.Debug|Any CPU.ActiveCfg = Debug|Any CPU
		{BE7DCB26-8672-4C65-9ED9-51C6609C4CB1}.Debug|Any CPU.Build.0 = Debug|Any CPU
		{BE7DCB26-8672-4C65-9ED9-51C6609C4CB1}.Release|Any CPU.ActiveCfg = Release|Any CPU
		{BE7DCB26-8672-4C65-9ED9-51C6609C4CB1}.Release|Any CPU.Build.0 = Release|Any CPU
		{C79038F8-F9E0-4823-B835-539FC2876A6F}.Debug|Any CPU.ActiveCfg = Debug|Any CPU
		{C79038F8-F9E0-4823-B835-539FC2876A6F}.Debug|Any CPU.Build.0 = Debug|Any CPU
		{C79038F8-F9E0-4823-B835-539FC2876A6F}.Release|Any CPU.ActiveCfg = Release|Any CPU
		{C79038F8-F9E0-4823-B835-539FC2876A6F}.Release|Any CPU.Build.0 = Release|Any CPU
	EndGlobalSection
	GlobalSection(SolutionProperties) = preSolution
		HideSolutionNode = FALSE
	EndGlobalSection
	GlobalSection(ExtensibilityGlobals) = postSolution
		SolutionGuid = {C3240420-8CF8-455B-98B6-38451B114872}
	EndGlobalSection
EndGlobal
